{
  "name": "eoty-platform",
  "lockfileVersion": 3,
  "requires": true,
  "packages": {
    "": {
      "dependencies": {
        "kysely": "^0.28.8"
      }
    },
    "node_modules/kysely": {
      "version": "0.28.8",
      "resolved": "https://registry.npmmirror.com/kysely/-/kysely-0.28.8.tgz",
      "integrity": "sha512-QUOgl5ZrS9IRuhq5FvOKFSsD/3+IA6MLE81/bOOTRA/YQpKDza2sFdN5g6JCB9BOpqMJDGefLCQ9F12hRS13TA==",
      "license": "MIT",
      "engines": {
        "node": ">=20.0.0"
      }
    }
  }
}
